
Microsoft Visual Studio Solution File, Format Version 12.00
# Visual Studio Version 17
VisualStudioVersion = 17.4.32804.182
MinimumVisualStudioVersion = 10.0.40219.1
Project("{9A19103F-16F7-4668-BE54-9A1E7A4F7556}") = "Dvoting", "Dvoting\Dvoting.csproj", "{ABD1FDB2-BC6F-4CF4-90E4-083D5536687D}"
EndProject
Global
	GlobalSection(SolutionConfigurationPlatforms) = preSolution
		Debug|Any CPU = Debug|Any CPU
		Release|Any CPU = Release|Any CPU
	EndGlobalSection
	GlobalSection(ProjectConfigurationPlatforms) = postSolution
		{ABD1FDB2-BC6F-4CF4-90E4-083D5536687D}.Debug|Any CPU.ActiveCfg = Debug|Any CPU
		{ABD1FDB2-BC6F-4CF4-90E4-083D5536687D}.Debug|Any CPU.Build.0 = Debug|Any CPU
		{ABD1FDB2-BC6F-4CF4-90E4-083D5536687D}.Release|Any CPU.ActiveCfg = Release|Any CPU
		{ABD1FDB2-BC6F-4CF4-90E4-083D5536687D}.Release|Any CPU.Build.0 = Release|Any CPU
	EndGlobalSection
	GlobalSection(SolutionProperties) = preSolution
		HideSolutionNode = FALSE
	EndGlobalSection
	GlobalSection(ExtensibilityGlobals) = postSolution
		SolutionGuid = {EA90F4A9-2E57-4EE9-9F54-B1BD05FA7FDF}
	EndGlobalSection
EndGlobal
